
Microsoft Visual Studio Solution File, Format Version 11.00
# Visual Studio 2010
# SharpDevelop 4.4
Project("{312A7D46-0542-4624-BB19-D7B9206051C7}") = "ElectronicsPanel", "ElectronicsPanel.csproj", "{312A7D46-0542-4624-BB19-D7B9206051C7}"
EndProject
Global
	GlobalSection(SolutionConfigurationPlatforms) = preSolution
		Debug|x64 = Debug|x64
		Release|x64 = Release|x64
	EndGlobalSection
	GlobalSection(ProjectConfigurationPlatforms) = postSolution
		{312A7D46-0542-4624-BB19-D7B9206051C7}.Debug|x64.ActiveCfg = Debug|x64
		{312A7D46-0542-4624-BB19-D7B9206051C7}.Debug|x64.Build.0 = Debug|x64
		{312A7D46-0542-4624-BB19-D7B9206051C7}.Release|x64.ActiveCfg = Release|x64
		{312A7D46-0542-4624-BB19-D7B9206051C7}.Release|x64.Build.0 = Release|x64
	EndGlobalSection
EndGlobal
